
Microsoft Visual Studio Solution File, Format Version 12.00
# Visual Studio 15
VisualStudioVersion = 15.0.27428.2011
MinimumVisualStudioVersion = 10.0.40219.1
Project("{FAE04EC0-301F-11D3-BF4B-00C04F79EFBC}") = "Mod3_Lab2", "Mod3_Lab2\Mod3_Lab2.csproj", "{0DF96672-05EA-4BF6-88A5-27D1E56B6A46}"
EndProject
Global
	GlobalSection(SolutionConfigurationPlatforms) = preSolution
		Debug|Any CPU = Debug|Any CPU
		Release|Any CPU = Release|Any CPU
	EndGlobalSection
	GlobalSection(ProjectConfigurationPlatforms) = postSolution
		{0DF96672-05EA-4BF6-88A5-27D1E56B6A46}.Debug|Any CPU.ActiveCfg = Debug|Any CPU
		{0DF96672-05EA-4BF6-88A5-27D1E56B6A46}.Debug|Any CPU.Build.0 = Debug|Any CPU
		{0DF96672-05EA-4BF6-88A5-27D1E56B6A46}.Release|Any CPU.ActiveCfg = Release|Any CPU
		{0DF96672-05EA-4BF6-88A5-27D1E56B6A46}.Release|Any CPU.Build.0 = Release|Any CPU
	EndGlobalSection
	GlobalSection(SolutionProperties) = preSolution
		HideSolutionNode = FALSE
	EndGlobalSection
	GlobalSection(ExtensibilityGlobals) = postSolution
		SolutionGuid = {BB9833A3-218E-4E5E-9A71-E77FD8448DD0}
	EndGlobalSection
EndGlobal
